{
  "requires": true,
  "lockfileVersion": 1,
  "dependencies": {
    "@sweetalert2/theme-dark": {
      "version": "5.0.10",
      "resolved": "https://registry.npmjs.org/@sweetalert2/theme-dark/-/theme-dark-5.0.10.tgz",
      "integrity": "sha512-RN/ChCzG7yZ4Zi01hWjz6n4pqWCbJHb9zvKTczcmPMAeCeiqkeIQlWc6IR5shUBZkYfbioLdjzwhceB07dXR4w=="
    },
    "@sweetalert2/themes": {
      "version": "5.0.10",
      "resolved": "https://registry.npmjs.org/@sweetalert2/themes/-/themes-5.0.10.tgz",
      "integrity": "sha512-j6clVozVR3T8s2Uert2oqEWRwla8iCh0WtwkCHlSysDp0v73uG0HftJ+drkQy93FDTwhT8piuMUjJIXqmxNHVg=="
    },
    "sweetalert2": {
      "version": "11.4.12",
      "resolved": "https://registry.npmjs.org/sweetalert2/-/sweetalert2-11.4.12.tgz",
      "integrity": "sha512-GnoiNVT747Gxa3xX7fbQPTer7J/yafWog56Un12AlP2YB7krGV93oVWfMQCbqPFVQjz3HXKKoJGxPo80HkcSnQ=="
    }
  }
}
